uuid: cdfe80c3-b250-4276-bdc4-b7faf2e88958
langcode: en
status: true
dependencies:
  config:
    - block_content.type.basic
    - field.storage.block_content.field_date_for_copy_right_block
  module:
    - datetime
id: block_content.basic.field_date_for_copy_right_block
field_name: field_date_for_copy_right_block
entity_type: block_content
bundle: basic
label: 'Date for Copy Right Block'
description: ''
required: false
translatable: false
default_value: {  }
default_value_callback: ''
settings: {  }
field_type: datetime
